
Microsoft Visual Studio Solution File, Format Version 12.00
# Visual Studio 15
VisualStudioVersion = 15.0.27428.2011
MinimumVisualStudioVersion = 10.0.40219.1
Project("{FAE04EC0-301F-11D3-BF4B-00C04F79EFBC}") = "AssemblyBench", "JPT TosaTest\AssemblyBench.csproj", "{2A22E9D0-9C11-463F-99A1-BA273996CE37}"
EndProject
Project("{FAE04EC0-301F-11D3-BF4B-00C04F79EFBC}") = "IrixiMotionLib", "IrixiMotionLib\IrixiMotionLib.csproj", "{D58CAF83-E372-4051-9819-D2752AAC3E41}"
EndProject
Project("{FAE04EC0-301F-11D3-BF4B-00C04F79EFBC}") = "PackageParse", "PackageParse\PackageParse.csproj", "{D6E8DA7F-3970-4AD8-B24B-0B918FE64C80}"
EndProject
Project("{FAE04EC0-301F-11D3-BF4B-00C04F79EFBC}") = "AssemblyBenchTests", "AssemblyBenchTests\AssemblyBenchTests.csproj", "{97CF67D9-C262-4637-9D70-F19FDFE91121}"
EndProject
Project("{FAE04EC0-301F-11D3-BF4B-00C04F79EFBC}") = "AxisParaLib", "AxisParaLib\AxisParaLib.csproj", "{550D7643-117D-4B91-8DA7-56A138558EDB}"
EndProject
Project("{FAE04EC0-301F-11D3-BF4B-00C04F79EFBC}") = "VisionLib", "VisionLib\VisionLib.csproj", "{46D1BC17-348C-4E00-B145-4DFD687918FF}"
EndProject
Project("{FAE04EC0-301F-11D3-BF4B-00C04F79EFBC}") = "VisionLibTests", "VisionLibTests\VisionLibTests.csproj", "{F48DF05C-588D-4A5F-B163-E5B3C124BD15}"
EndProject
Global
	GlobalSection(SolutionConfigurationPlatforms) = preSolution
		Debug|Any CPU = Debug|Any CPU
		Release|Any CPU = Release|Any CPU
	EndGlobalSection
	GlobalSection(ProjectConfigurationPlatforms) = postSolution
		{2A22E9D0-9C11-463F-99A1-BA273996CE37}.Debug|Any CPU.ActiveCfg = Debug|Any CPU
		{2A22E9D0-9C11-463F-99A1-BA273996CE37}.Debug|Any CPU.Build.0 = Debug|Any CPU
		{2A22E9D0-9C11-463F-99A1-BA273996CE37}.Release|Any CPU.ActiveCfg = Release|Any CPU
		{2A22E9D0-9C11-463F-99A1-BA273996CE37}.Release|Any CPU.Build.0 = Release|Any CPU
		{D58CAF83-E372-4051-9819-D2752AAC3E41}.Debug|Any CPU.ActiveCfg = Debug|Any CPU
		{D58CAF83-E372-4051-9819-D2752AAC3E41}.Debug|Any CPU.Build.0 = Debug|Any CPU
		{D58CAF83-E372-4051-9819-D2752AAC3E41}.Release|Any CPU.ActiveCfg = Release|Any CPU
		{D58CAF83-E372-4051-9819-D2752AAC3E41}.Release|Any CPU.Build.0 = Release|Any CPU
		{D6E8DA7F-3970-4AD8-B24B-0B918FE64C80}.Debug|Any CPU.ActiveCfg = Debug|Any CPU
		{D6E8DA7F-3970-4AD8-B24B-0B918FE64C80}.Debug|Any CPU.Build.0 = Debug|Any CPU
		{D6E8DA7F-3970-4AD8-B24B-0B918FE64C80}.Release|Any CPU.ActiveCfg = Release|Any CPU
		{D6E8DA7F-3970-4AD8-B24B-0B918FE64C80}.Release|Any CPU.Build.0 = Release|Any CPU
		{97CF67D9-C262-4637-9D70-F19FDFE91121}.Debug|Any CPU.ActiveCfg = Debug|Any CPU
		{97CF67D9-C262-4637-9D70-F19FDFE91121}.Debug|Any CPU.Build.0 = Debug|Any CPU
		{97CF67D9-C262-4637-9D70-F19FDFE91121}.Release|Any CPU.ActiveCfg = Release|Any CPU
		{97CF67D9-C262-4637-9D70-F19FDFE91121}.Release|Any CPU.Build.0 = Release|Any CPU
		{550D7643-117D-4B91-8DA7-56A138558EDB}.Debug|Any CPU.ActiveCfg = Debug|Any CPU
		{550D7643-117D-4B91-8DA7-56A138558EDB}.Debug|Any CPU.Build.0 = Debug|Any CPU
		{550D7643-117D-4B91-8DA7-56A138558EDB}.Release|Any CPU.ActiveCfg = Release|Any CPU
		{550D7643-117D-4B91-8DA7-56A138558EDB}.Release|Any CPU.Build.0 = Release|Any CPU
		{46D1BC17-348C-4E00-B145-4DFD687918FF}.Debug|Any CPU.ActiveCfg = Debug|Any CPU
		{46D1BC17-348C-4E00-B145-4DFD687918FF}.Debug|Any CPU.Build.0 = Debug|Any CPU
		{46D1BC17-348C-4E00-B145-4DFD687918FF}.Release|Any CPU.ActiveCfg = Release|Any CPU
		{46D1BC17-348C-4E00-B145-4DFD687918FF}.Release|Any CPU.Build.0 = Release|Any CPU
		{F48DF05C-588D-4A5F-B163-E5B3C124BD15}.Debug|Any CPU.ActiveCfg = Debug|Any CPU
		{F48DF05C-588D-4A5F-B163-E5B3C124BD15}.Debug|Any CPU.Build.0 = Debug|Any CPU
		{F48DF05C-588D-4A5F-B163-E5B3C124BD15}.Release|Any CPU.ActiveCfg = Release|Any CPU
		{F48DF05C-588D-4A5F-B163-E5B3C124BD15}.Release|Any CPU.Build.0 = Release|Any CPU
	EndGlobalSection
	GlobalSection(SolutionProperties) = preSolution
		HideSolutionNode = FALSE
	EndGlobalSection
	GlobalSection(ExtensibilityGlobals) = postSolution
		SolutionGuid = {9BCABA09-A4B9-4C1D-8E51-EDFF3B6EFB9F}
	EndGlobalSection
EndGlobal
